
Microsoft Visual Studio Solution File, Format Version 12.00
# Visual Studio Version 17
VisualStudioVersion = 17.5.33414.496
MinimumVisualStudioVersion = 10.0.40219.1
Project("{FAE04EC0-301F-11D3-BF4B-00C04F79EFBC}") = "Polinomm", "Polinomm\Polinomm.csproj", "{BA036C78-E092-45FD-ADCE-E2422E608FB2}"
EndProject
Global
	GlobalSection(SolutionConfigurationPlatforms) = preSolution
		Debug|Any CPU = Debug|Any CPU
		Release|Any CPU = Release|Any CPU
	EndGlobalSection
	GlobalSection(ProjectConfigurationPlatforms) = postSolution
		{BA036C78-E092-45FD-ADCE-E2422E608FB2}.Debug|Any CPU.ActiveCfg = Debug|Any CPU
		{BA036C78-E092-45FD-ADCE-E2422E608FB2}.Debug|Any CPU.Build.0 = Debug|Any CPU
		{BA036C78-E092-45FD-ADCE-E2422E608FB2}.Release|Any CPU.ActiveCfg = Release|Any CPU
		{BA036C78-E092-45FD-ADCE-E2422E608FB2}.Release|Any CPU.Build.0 = Release|Any CPU
	EndGlobalSection
	GlobalSection(SolutionProperties) = preSolution
		HideSolutionNode = FALSE
	EndGlobalSection
	GlobalSection(ExtensibilityGlobals) = postSolution
		SolutionGuid = {A914FE41-99C8-42C8-A39C-93A5ECFE10D1}
	EndGlobalSection
EndGlobal
